<?xml version="1.0" encoding="utf-8"?>
<Project ToolsVersion="4.0" xmlns="http://schemas.microsoft.com/developer/msbuild/2003">
  <ItemGroup>
    <Filter Include="Driver">
      <UniqueIdentifier>{0e53b365-a30e-4c11-ba4b-62adc2c352ce}</UniqueIdentifier>
    </Filter>
    <Filter Include="Header Files">
      <UniqueIdentifier>{2a6199d3-3bfe-47ef-a0e6-4df477210026}</UniqueIdentifier>
    </Filter>
    <Filter Include="Tools">
      <UniqueIdentifier>{1358a767-94da-4b49-ae3e-ee6dd34b2070}</UniqueIdentifier>
    </Filter>
    <Filter Include="Tools\websocket">
      <UniqueIdentifier>{4c0935a6-3979-4202-98e8-a9640a4b3291}</UniqueIdentifier>
    </Filter>
    <Filter Include="Tools\Load Driver">
      <UniqueIdentifier>{b2c9c96f-6fe9-4280-9044-93c90beefea1}</UniqueIdentifier>
    </Filter>
  </ItemGroup>
  <ItemGroup>
    <ClCompile Include="main.cpp" />
  </ItemGroup>
  <ItemGroup>
    <ClInclude Include="config.h" />
    <ClInclude Include="function.h" />
    <ClInclude Include="vector.h" />
    <ClInclude Include="xor.h" />
    <ClInclude Include="Driver\MemOperations.h">
      <Filter>Driver</Filter>
    </ClInclude>
    <ClInclude Include="Driver\utils.h">
      <Filter>Driver</Filter>
    </ClInclude>
    <ClInclude Include="resource.h" />
    <ClInclude Include="glow.h">
      <Filter>Header Files</Filter>
    </ClInclude>
    <ClInclude Include="offset.h">
      <Filter>Header Files</Filter>
    </ClInclude>
    <ClInclude Include="Tools\verify.h">
      <Filter>Tools</Filter>
    </ClInclude>
    <ClInclude Include="Tools\QR_Verify.hpp">
      <Filter>Tools</Filter>
    </ClInclude>
    <ClInclude Include="Tools\version.hpp">
      <Filter>Tools</Filter>
    </ClInclude>
    <ClInclude Include="Tools\curl.hpp">
      <Filter>Tools</Filter>
    </ClInclude>
    <ClInclude Include="Tools\QR_data.h">
      <Filter>Tools</Filter>
    </ClInclude>
    <ClInclude Include="Tools\Load Driver\Load_Drive.hpp">
      <Filter>Tools\Load Driver</Filter>
    </ClInclude>
    <ClInclude Include="Tools\Load Driver\kdmapper_data.hpp">
      <Filter>Tools\Load Driver</Filter>
    </ClInclude>
    <ClInclude Include="Tools\Load Driver\driver_data.hpp">
      <Filter>Tools\Load Driver</Filter>
    </ClInclude>
    <ClInclude Include="util.h" />
    <ClInclude Include="Tools\websocket\webShow.hpp">
      <Filter>Tools\websocket</Filter>
    </ClInclude>
    <ClInclude Include="aimbot.h">
      <Filter>Header Files</Filter>
    </ClInclude>
  </ItemGroup>
  <ItemGroup>
    <ResourceCompile Include="Apex单透.rc" />
  </ItemGroup>
  <ItemGroup>
    <Image Include="..\..\..\ICO\apexH.ico" />
  </ItemGroup>
  <ItemGroup>
    <None Include="Tools\QR.py">
      <Filter>Tools</Filter>
    </None>
    <None Include="cpp.hint" />
  </ItemGroup>
</Project>